
Microsoft Visual Studio Solution File, Format Version 12.00
# Visual Studio 15
Project("{FAE04EC0-301F-11D3-BF4B-00C04F79EFBC}") = "Assembly-CSharp", "Assembly-CSharp.csproj", "{EF534668-165E-CC38-8852-BF8174C0969D}"
EndProject
Project("{FAE04EC0-301F-11D3-BF4B-00C04F79EFBC}") = "Assembly-CSharp-firstpass", "Assembly-CSharp-firstpass.csproj", "{1B6EADA9-890D-6988-AF99-A33C7CCD6B68}"
EndProject
Project("{FAE04EC0-301F-11D3-BF4B-00C04F79EFBC}") = "Assembly-CSharp-Editor-firstpass", "Assembly-CSharp-Editor-firstpass.csproj", "{8D41B439-ED4B-B06D-6193-6B625FC62FA4}"
EndProject
Project("{FAE04EC0-301F-11D3-BF4B-00C04F79EFBC}") = "Assembly-CSharp-Editor", "Assembly-CSharp-Editor.csproj", "{66E5B8DB-59FF-55C7-1269-5074497A60E8}"
EndProject
Global
	GlobalSection(SolutionConfigurationPlatforms) = preSolution
		Debug|Any CPU = Debug|Any CPU
		Release|Any CPU = Release|Any CPU
	EndGlobalSection
	GlobalSection(ProjectConfigurationPlatforms) = postSolution
		{EF534668-165E-CC38-8852-BF8174C0969D}.Debug|Any CPU.ActiveCfg = Debug|Any CPU
		{EF534668-165E-CC38-8852-BF8174C0969D}.Debug|Any CPU.Build.0 = Debug|Any CPU
		{EF534668-165E-CC38-8852-BF8174C0969D}.Release|Any CPU.ActiveCfg = Release|Any CPU
		{EF534668-165E-CC38-8852-BF8174C0969D}.Release|Any CPU.Build.0 = Release|Any CPU
		{1B6EADA9-890D-6988-AF99-A33C7CCD6B68}.Debug|Any CPU.ActiveCfg = Debug|Any CPU
		{1B6EADA9-890D-6988-AF99-A33C7CCD6B68}.Debug|Any CPU.Build.0 = Debug|Any CPU
		{1B6EADA9-890D-6988-AF99-A33C7CCD6B68}.Release|Any CPU.ActiveCfg = Release|Any CPU
		{1B6EADA9-890D-6988-AF99-A33C7CCD6B68}.Release|Any CPU.Build.0 = Release|Any CPU
		{8D41B439-ED4B-B06D-6193-6B625FC62FA4}.Debug|Any CPU.ActiveCfg = Debug|Any CPU
		{8D41B439-ED4B-B06D-6193-6B625FC62FA4}.Debug|Any CPU.Build.0 = Debug|Any CPU
		{8D41B439-ED4B-B06D-6193-6B625FC62FA4}.Release|Any CPU.ActiveCfg = Release|Any CPU
		{8D41B439-ED4B-B06D-6193-6B625FC62FA4}.Release|Any CPU.Build.0 = Release|Any CPU
		{66E5B8DB-59FF-55C7-1269-5074497A60E8}.Debug|Any CPU.ActiveCfg = Debug|Any CPU
		{66E5B8DB-59FF-55C7-1269-5074497A60E8}.Debug|Any CPU.Build.0 = Debug|Any CPU
		{66E5B8DB-59FF-55C7-1269-5074497A60E8}.Release|Any CPU.ActiveCfg = Release|Any CPU
		{66E5B8DB-59FF-55C7-1269-5074497A60E8}.Release|Any CPU.Build.0 = Release|Any CPU
	EndGlobalSection
	GlobalSection(SolutionProperties) = preSolution
		HideSolutionNode = FALSE
	EndGlobalSection
EndGlobal
